
Microsoft Visual Studio Solution File, Format Version 12.00
# Visual Studio Version 17
VisualStudioVersion = 17.0.31919.166
MinimumVisualStudioVersion = 10.0.40219.1
Project("{FAE04EC0-301F-11D3-BF4B-00C04F79EFBC}") = "BinaryDiagnosticFirstPart", "BinaryDiagnosticFirstPart.csproj", "{527D7C58-0703-4CA9-BCC8-6938C3E8C452}"
EndProject
Global
	GlobalSection(SolutionConfigurationPlatforms) = preSolution
		Debug|Any CPU = Debug|Any CPU
		Release|Any CPU = Release|Any CPU
	EndGlobalSection
	GlobalSection(ProjectConfigurationPlatforms) = postSolution
		{527D7C58-0703-4CA9-BCC8-6938C3E8C452}.Debug|Any CPU.ActiveCfg = Debug|Any CPU
		{527D7C58-0703-4CA9-BCC8-6938C3E8C452}.Debug|Any CPU.Build.0 = Debug|Any CPU
		{527D7C58-0703-4CA9-BCC8-6938C3E8C452}.Release|Any CPU.ActiveCfg = Release|Any CPU
		{527D7C58-0703-4CA9-BCC8-6938C3E8C452}.Release|Any CPU.Build.0 = Release|Any CPU
	EndGlobalSection
	GlobalSection(SolutionProperties) = preSolution
		HideSolutionNode = FALSE
	EndGlobalSection
	GlobalSection(ExtensibilityGlobals) = postSolution
		SolutionGuid = {5FE83544-7714-4E52-9FEC-52E06B530421}
	EndGlobalSection
EndGlobal
